{
    "_readme": [
        "This file locks the dependencies of your project to a known state",
        "Read more about it at https://getcomposer.org/doc/01-basic-usage.md#installing-dependencies",
        "This file is @generated automatically"
    ],
    "content-hash": "0000000000000000000000000000000",
    "packages": [
        {
            "name": "monolog/monolog",
            "version": "3.4.0"
        }
    ],
    "packages-dev": [
        {
            "name": "phpunit/phpunit",
            "version": "10.2.0"
        },
        {
            "name": "friendsofphp/php-cs-fixer",
            "version": "3.40.0"
        },
        {
            "name": "phpstan/phpstan",
            "version": "1.12.0"
        },
        {
            "name": "rector/rector",
            "version": "1.0.0"
        }
    ],
    "platform": {
        "php": "^8.2"
    },
    "platform-dev": [],
    "plugin-api-version": "2.6.0"
}
